
Microsoft Visual Studio Solution File, Format Version 12.00
Project("{FAE04EC0-301F-11D3-BF4B-00C04F79EFBC}") = "KOLOS-01", "KOLOS-01\KOLOS-01.csproj", "{47F7466B-8065-47BA-B3BD-D719FC64054C}"
EndProject
Global
	GlobalSection(SolutionConfigurationPlatforms) = preSolution
		Debug|Any CPU = Debug|Any CPU
		Release|Any CPU = Release|Any CPU
	EndGlobalSection
	GlobalSection(ProjectConfigurationPlatforms) = postSolution
		{47F7466B-8065-47BA-B3BD-D719FC64054C}.Debug|Any CPU.ActiveCfg = Debug|Any CPU
		{47F7466B-8065-47BA-B3BD-D719FC64054C}.Debug|Any CPU.Build.0 = Debug|Any CPU
		{47F7466B-8065-47BA-B3BD-D719FC64054C}.Release|Any CPU.ActiveCfg = Release|Any CPU
		{47F7466B-8065-47BA-B3BD-D719FC64054C}.Release|Any CPU.Build.0 = Release|Any CPU
	EndGlobalSection
EndGlobal
